
Microsoft Visual Studio Solution File, Format Version 12.00
# Visual Studio Version 16
VisualStudioVersion = 16.0.31410.357
MinimumVisualStudioVersion = 10.0.40219.1
Project("{FAE04EC0-301F-11D3-BF4B-00C04F79EFBC}") = "WpfAppGooo", "WpfAppGooo\WpfAppGooo.csproj", "{C469DC1A-2186-408D-A8BE-77A8A2F46568}"
EndProject
Global
	GlobalSection(SolutionConfigurationPlatforms) = preSolution
		Debug|Any CPU = Debug|Any CPU
		Release|Any CPU = Release|Any CPU
	EndGlobalSection
	GlobalSection(ProjectConfigurationPlatforms) = postSolution
		{C469DC1A-2186-408D-A8BE-77A8A2F46568}.Debug|Any CPU.ActiveCfg = Debug|Any CPU
		{C469DC1A-2186-408D-A8BE-77A8A2F46568}.Debug|Any CPU.Build.0 = Debug|Any CPU
		{C469DC1A-2186-408D-A8BE-77A8A2F46568}.Release|Any CPU.ActiveCfg = Release|Any CPU
		{C469DC1A-2186-408D-A8BE-77A8A2F46568}.Release|Any CPU.Build.0 = Release|Any CPU
	EndGlobalSection
	GlobalSection(SolutionProperties) = preSolution
		HideSolutionNode = FALSE
	EndGlobalSection
	GlobalSection(ExtensibilityGlobals) = postSolution
		SolutionGuid = {0AF10BEA-9AEC-449D-A705-8561A3F6CC4D}
	EndGlobalSection
EndGlobal
